// !$*UTF8*$!
{
	archiveVersion = 1;
	classes = {
	};
	objectVersion = 77;
	objects = {

/* Begin PBXBuildFile section */
		02D2107A5BF477E03FE16F12 /* StorageUsageService.swift in Sources */ = {isa = PBXBuildFile; fileRef = F88FC90FD89F362C539E6A85 /* StorageUsageService.swift */; };
		05AA1C35769EBA7555FB25F4 /* PasteboardImageWriter.swift in Sources */ = {isa = PBXBuildFile; fileRef = D47EB4C33C69B7CA3BFC54EE /* PasteboardImageWriter.swift */; };
		17949B5ED4DA2FC41791B57F /* GlobalHotKey.swift in Sources */ = {isa = PBXBuildFile; fileRef = 075C91CA4BE9B8D5EA94E587 /* GlobalHotKey.swift */; };
		2209B401C89558F2AB9C3ABF /* ThumbnailService.swift in Sources */ = {isa = PBXBuildFile; fileRef = D86987668928EB041CA44007 /* ThumbnailService.swift */; };
		2282F025C5AA5F0F374030B9 /* ThumbnailServiceTests.swift in Sources */ = {isa = PBXBuildFile; fileRef = 1C8D533A2D712AF47807DE56 /* ThumbnailServiceTests.swift */; };
		261418B9CFBA2EB0197F623B /* ScreenshotFilenameGenerator.swift in Sources */ = {isa = PBXBuildFile; fileRef = 944F621AA4760FF2F5D4AB8F /* ScreenshotFilenameGenerator.swift */; };
		2CA7E92B1E8BEE6BB19AEEE1 /* ShortcutCoordinatorTests.swift in Sources */ = {isa = PBXBuildFile; fileRef = 5014B65D4062B572B733A3CC /* ShortcutCoordinatorTests.swift */; };
		36B11A1D14B2215161CBFC7F /* AppSettingsTests.swift in Sources */ = {isa = PBXBuildFile; fileRef = 1B8E9DDA7331E610ACB9ECB0 /* AppSettingsTests.swift */; };
		506ABEED26121E3A943C14C8 /* PasteboardApp.swift in Sources */ = {isa = PBXBuildFile; fileRef = A09747F649F378ED710DF8D8 /* PasteboardApp.swift */; };
		525D6A0791A11EE26342FDC7 /* PasteboardMonitor.swift in Sources */ = {isa = PBXBuildFile; fileRef = 24C8767E235CD24B14CE468F /* PasteboardMonitor.swift */; };
		534846C3A023FF97C719CECB /* ImagePayloadStore.swift in Sources */ = {isa = PBXBuildFile; fileRef = 4FD9CE724A8F3490051BA597 /* ImagePayloadStore.swift */; };
		5FD3B5B03EAEFDAD44C79123 /* ClipboardHistoryPersistenceTests.swift in Sources */ = {isa = PBXBuildFile; fileRef = 0DD96D89CA129346BC030F5E /* ClipboardHistoryPersistenceTests.swift */; };
		7C79677691C530A341F3B32A /* SettingsView.swift in Sources */ = {isa = PBXBuildFile; fileRef = E92F5627639B12B5B6C3C3F4 /* SettingsView.swift */; };
		866DF739CCDBE94AD5885910 /* GlobalHotKeyTests.swift in Sources */ = {isa = PBXBuildFile; fileRef = DADEF6C2E1E5D5FA53174BC2 /* GlobalHotKeyTests.swift */; };
		8CA2A94D80B01B176C2E096B /* RegionScreenshotService.swift in Sources */ = {isa = PBXBuildFile; fileRef = 841CFEC7E746D8883B7BC5AA /* RegionScreenshotService.swift */; };
		8FF0E361C6EA5D4139BA42A9 /* ContentView.swift in Sources */ = {isa = PBXBuildFile; fileRef = 319C06AA1818EAC09CE6E9F3 /* ContentView.swift */; };
		9695F3BD3EB0C1FC45A8D794 /* AutomaticPasteServiceTests.swift in Sources */ = {isa = PBXBuildFile; fileRef = FBC1B19B4DA65BF7A9BE30D4 /* AutomaticPasteServiceTests.swift */; };
		9B1E21BB082E3578F62288F7 /* PasteboardImageWriterTests.swift in Sources */ = {isa = PBXBuildFile; fileRef = 72F36DCC07C8791E8B4BC07B /* PasteboardImageWriterTests.swift */; };
		9C65A8E5A805FC2AB9A3322C /* ScreenshotFileLoaderTests.swift in Sources */ = {isa = PBXBuildFile; fileRef = 7860884AE26BBAF5C6F1D24E /* ScreenshotFileLoaderTests.swift */; };
		9C911C79C2045D791D8E095A /* ShortcutRecorder.swift in Sources */ = {isa = PBXBuildFile; fileRef = 1D5DAFD4B48D9396FA79E070 /* ShortcutRecorder.swift */; };
		A1A7471958EFA759274A97D5 /* HistoryPanelController.swift in Sources */ = {isa = PBXBuildFile; fileRef = B119A235E83A08295A914E65 /* HistoryPanelController.swift */; };
		AA2184D55EFCFB1BF219BE46 /* AppConfiguration.swift in Sources */ = {isa = PBXBuildFile; fileRef = CF0DFF09588FD1B246EF36A4 /* AppConfiguration.swift */; };
		AAB0B462574172BCF24778CD /* ScreenshotFilenameGeneratorTests.swift in Sources */ = {isa = PBXBuildFile; fileRef = DC08E896ED23531526487A75 /* ScreenshotFilenameGeneratorTests.swift */; };
		B05A44304505EAB699B8EDC1 /* AppDelegate.swift in Sources */ = {isa = PBXBuildFile; fileRef = E0ED3770E8A3C518FB116BF6 /* AppDelegate.swift */; };
		B4E93093E9C3ECAD55EC05BD /* VisualConfiguration.swift in Sources */ = {isa = PBXBuildFile; fileRef = E55648176C0F8D7DAE359CCA /* VisualConfiguration.swift */; };
		B51072B30649D402F47B3040 /* PasteboardPrivacyFilterTests.swift in Sources */ = {isa = PBXBuildFile; fileRef = F67B3406EE30F61F204440DA /* PasteboardPrivacyFilterTests.swift */; };
		B7650CB9049E2BAFFFCEF8A5 /* HistoryPanelPresentationTests.swift in Sources */ = {isa = PBXBuildFile; fileRef = FF6048054810C2C90498E6BF /* HistoryPanelPresentationTests.swift */; };
		B8063B855C083B2D17D4E10E /* ShortcutCoordinator.swift in Sources */ = {isa = PBXBuildFile; fileRef = 457C8BE9C7FC9F19DE7CD36F /* ShortcutCoordinator.swift */; };
		C3D5BF6592592497F440B268 /* PasteboardPrivacyFilter.swift in Sources */ = {isa = PBXBuildFile; fileRef = BC0D1886E81A748D3CBCD1D8 /* PasteboardPrivacyFilter.swift */; };
		C502243F947DC5DCB02E1F62 /* AutomaticPasteService.swift in Sources */ = {isa = PBXBuildFile; fileRef = 2042D486055F55D3DCF2A92E /* AutomaticPasteService.swift */; };
		C8294AD017901C66FB55C5C0 /* ScreenshotFileLoader.swift in Sources */ = {isa = PBXBuildFile; fileRef = 65FF748F8D3292DB58CF9BA4 /* ScreenshotFileLoader.swift */; };
		C93EE3A5C08181EA5322DBA5 /* StorageUsageServiceTests.swift in Sources */ = {isa = PBXBuildFile; fileRef = 6C6C9F19037254CEAEDDB0E5 /* StorageUsageServiceTests.swift */; };
		C9DE7310A30F83AFCAACD25D /* ClipboardHistoryPersistence.swift in Sources */ = {isa = PBXBuildFile; fileRef = B1B409D0D66CD22EC6F8AA26 /* ClipboardHistoryPersistence.swift */; };
		CC66786344134CADD666A7F0 /* Assets.xcassets in Resources */ = {isa = PBXBuildFile; fileRef = 25B26D71EAC8E75A4F72C686 /* Assets.xcassets */; };
		D4714C0E63E623AF31EF8D5E /* ClipboardEntry.swift in Sources */ = {isa = PBXBuildFile; fileRef = A9FA3486C42E4544F23679F6 /* ClipboardEntry.swift */; };
		D69A446FF85CF7EA4C1E9164 /* HistoryPanelPresentation.swift in Sources */ = {isa = PBXBuildFile; fileRef = 1CE34581E723859793B05FB1 /* HistoryPanelPresentation.swift */; };
		E1438A03F8FA4FA2A0D0A3F3 /* ClipboardHistoryStoreTests.swift in Sources */ = {isa = PBXBuildFile; fileRef = 9DCDBCD4F68E49A9C17E1DD7 /* ClipboardHistoryStoreTests.swift */; };
		E8D58CA584EE60F18015E8C6 /* ClipboardHistoryStore.swift in Sources */ = {isa = PBXBuildFile; fileRef = 23D57E547D16589D5149AED5 /* ClipboardHistoryStore.swift */; };
		F72C49C28D5EB1F35C6B19EA /* AppSettings.swift in Sources */ = {isa = PBXBuildFile; fileRef = CF5077E78B6D10D172D4B9B8 /* AppSettings.swift */; };
		F8DF3DDB5B0A0933D8C2AD8E /* AppConfigurationTests.swift in Sources */ = {isa = PBXBuildFile; fileRef = E1362244C75E701E5C4B68F4 /* AppConfigurationTests.swift */; };
/* End PBXBuildFile section */

/* Begin PBXContainerItemProxy section */
		36EB843521DF754F59D8691D /* PBXContainerItemProxy */ = {
			isa = PBXContainerItemProxy;
			containerPortal = 701A10EA4124ABAED182C3AA /* Project object */;
			proxyType = 1;
			remoteGlobalIDString = D62D6AB1C2C0255F32C0D045;
			remoteInfo = Pasteboard;
		};
/* End PBXContainerItemProxy section */

/* Begin PBXFileReference section */
		075C91CA4BE9B8D5EA94E587 /* GlobalHotKey.swift */ = {isa = PBXFileReference; lastKnownFileType = sourcecode.swift; path = GlobalHotKey.swift; sourceTree = "<group>"; };
		0DD96D89CA129346BC030F5E /* ClipboardHistoryPersistenceTests.swift */ = {isa = PBXFileReference; lastKnownFileType = sourcecode.swift; path = ClipboardHistoryPersistenceTests.swift; sourceTree = "<group>"; };
		1B8E9DDA7331E610ACB9ECB0 /* AppSettingsTests.swift */ = {isa = PBXFileReference; lastKnownFileType = sourcecode.swift; path = AppSettingsTests.swift; sourceTree = "<group>"; };
		1C8D533A2D712AF47807DE56 /* ThumbnailServiceTests.swift */ = {isa = PBXFileReference; lastKnownFileType = sourcecode.swift; path = ThumbnailServiceTests.swift; sourceTree = "<group>"; };
		1CE34581E723859793B05FB1 /* HistoryPanelPresentation.swift */ = {isa = PBXFileReference; lastKnownFileType = sourcecode.swift; path = HistoryPanelPresentation.swift; sourceTree = "<group>"; };
		1D5DAFD4B48D9396FA79E070 /* ShortcutRecorder.swift */ = {isa = PBXFileReference; lastKnownFileType = sourcecode.swift; path = ShortcutRecorder.swift; sourceTree = "<group>"; };
		2042D486055F55D3DCF2A92E /* AutomaticPasteService.swift */ = {isa = PBXFileReference; lastKnownFileType = sourcecode.swift; path = AutomaticPasteService.swift; sourceTree = "<group>"; };
		23D57E547D16589D5149AED5 /* ClipboardHistoryStore.swift */ = {isa = PBXFileReference; lastKnownFileType = sourcecode.swift; path = ClipboardHistoryStore.swift; sourceTree = "<group>"; };
		24C8767E235CD24B14CE468F /* PasteboardMonitor.swift */ = {isa = PBXFileReference; lastKnownFileType = sourcecode.swift; path = PasteboardMonitor.swift; sourceTree = "<group>"; };
		25B26D71EAC8E75A4F72C686 /* Assets.xcassets */ = {isa = PBXFileReference; lastKnownFileType = folder.assetcatalog; path = Assets.xcassets; sourceTree = "<group>"; };
		319C06AA1818EAC09CE6E9F3 /* ContentView.swift */ = {isa = PBXFileReference; lastKnownFileType = sourcecode.swift; path = ContentView.swift; sourceTree = "<group>"; };
		457C8BE9C7FC9F19DE7CD36F /* ShortcutCoordinator.swift */ = {isa = PBXFileReference; lastKnownFileType = sourcecode.swift; path = ShortcutCoordinator.swift; sourceTree = "<group>"; };
		4FD9CE724A8F3490051BA597 /* ImagePayloadStore.swift */ = {isa = PBXFileReference; lastKnownFileType = sourcecode.swift; path = ImagePayloadStore.swift; sourceTree = "<group>"; };
		5014B65D4062B572B733A3CC /* ShortcutCoordinatorTests.swift */ = {isa = PBXFileReference; lastKnownFileType = sourcecode.swift; path = ShortcutCoordinatorTests.swift; sourceTree = "<group>"; };
		65FF748F8D3292DB58CF9BA4 /* ScreenshotFileLoader.swift */ = {isa = PBXFileReference; lastKnownFileType = sourcecode.swift; path = ScreenshotFileLoader.swift; sourceTree = "<group>"; };
		6C6C9F19037254CEAEDDB0E5 /* StorageUsageServiceTests.swift */ = {isa = PBXFileReference; lastKnownFileType = sourcecode.swift; path = StorageUsageServiceTests.swift; sourceTree = "<group>"; };
		72F36DCC07C8791E8B4BC07B /* PasteboardImageWriterTests.swift */ = {isa = PBXFileReference; lastKnownFileType = sourcecode.swift; path = PasteboardImageWriterTests.swift; sourceTree = "<group>"; };
		7860884AE26BBAF5C6F1D24E /* ScreenshotFileLoaderTests.swift */ = {isa = PBXFileReference; lastKnownFileType = sourcecode.swift; path = ScreenshotFileLoaderTests.swift; sourceTree = "<group>"; };
		841CFEC7E746D8883B7BC5AA /* RegionScreenshotService.swift */ = {isa = PBXFileReference; lastKnownFileType = sourcecode.swift; path = RegionScreenshotService.swift; sourceTree = "<group>"; };
		944F621AA4760FF2F5D4AB8F /* ScreenshotFilenameGenerator.swift */ = {isa = PBXFileReference; lastKnownFileType = sourcecode.swift; path = ScreenshotFilenameGenerator.swift; sourceTree = "<group>"; };
		9DCDBCD4F68E49A9C17E1DD7 /* ClipboardHistoryStoreTests.swift */ = {isa = PBXFileReference; lastKnownFileType = sourcecode.swift; path = ClipboardHistoryStoreTests.swift; sourceTree = "<group>"; };
		A09747F649F378ED710DF8D8 /* PasteboardApp.swift */ = {isa = PBXFileReference; lastKnownFileType = sourcecode.swift; path = PasteboardApp.swift; sourceTree = "<group>"; };
		A9FA3486C42E4544F23679F6 /* ClipboardEntry.swift */ = {isa = PBXFileReference; lastKnownFileType = sourcecode.swift; path = ClipboardEntry.swift; sourceTree = "<group>"; };
		B119A235E83A08295A914E65 /* HistoryPanelController.swift */ = {isa = PBXFileReference; lastKnownFileType = sourcecode.swift; path = HistoryPanelController.swift; sourceTree = "<group>"; };
		B1B409D0D66CD22EC6F8AA26 /* ClipboardHistoryPersistence.swift */ = {isa = PBXFileReference; lastKnownFileType = sourcecode.swift; path = ClipboardHistoryPersistence.swift; sourceTree = "<group>"; };
		BC0D1886E81A748D3CBCD1D8 /* PasteboardPrivacyFilter.swift */ = {isa = PBXFileReference; lastKnownFileType = sourcecode.swift; path = PasteboardPrivacyFilter.swift; sourceTree = "<group>"; };
		CF0DFF09588FD1B246EF36A4 /* AppConfiguration.swift */ = {isa = PBXFileReference; lastKnownFileType = sourcecode.swift; path = AppConfiguration.swift; sourceTree = "<group>"; };
		CF5077E78B6D10D172D4B9B8 /* AppSettings.swift */ = {isa = PBXFileReference; lastKnownFileType = sourcecode.swift; path = AppSettings.swift; sourceTree = "<group>"; };
		D47EB4C33C69B7CA3BFC54EE /* PasteboardImageWriter.swift */ = {isa = PBXFileReference; lastKnownFileType = sourcecode.swift; path = PasteboardImageWriter.swift; sourceTree = "<group>"; };
		D86987668928EB041CA44007 /* ThumbnailService.swift */ = {isa = PBXFileReference; lastKnownFileType = sourcecode.swift; path = ThumbnailService.swift; sourceTree = "<group>"; };
		D88661797C72D7E1F5ED2CF9 /* PasteboardTests.xctest */ = {isa = PBXFileReference; explicitFileType = wrapper.cfbundle; includeInIndex = 0; path = PasteboardTests.xctest; sourceTree = BUILT_PRODUCTS_DIR; };
		D96D350AE89623D58D14C000 /* Pasteboard.app */ = {isa = PBXFileReference; explicitFileType = wrapper.application; includeInIndex = 0; path = Pasteboard.app; sourceTree = BUILT_PRODUCTS_DIR; };
		DADEF6C2E1E5D5FA53174BC2 /* GlobalHotKeyTests.swift */ = {isa = PBXFileReference; lastKnownFileType = sourcecode.swift; path = GlobalHotKeyTests.swift; sourceTree = "<group>"; };
		DC08E896ED23531526487A75 /* ScreenshotFilenameGeneratorTests.swift */ = {isa = PBXFileReference; lastKnownFileType = sourcecode.swift; path = ScreenshotFilenameGeneratorTests.swift; sourceTree = "<group>"; };
		E0ED3770E8A3C518FB116BF6 /* AppDelegate.swift */ = {isa = PBXFileReference; lastKnownFileType = sourcecode.swift; path = AppDelegate.swift; sourceTree = "<group>"; };
		E1362244C75E701E5C4B68F4 /* AppConfigurationTests.swift */ = {isa = PBXFileReference; lastKnownFileType = sourcecode.swift; path = AppConfigurationTests.swift; sourceTree = "<group>"; };
		E55648176C0F8D7DAE359CCA /* VisualConfiguration.swift */ = {isa = PBXFileReference; lastKnownFileType = sourcecode.swift; path = VisualConfiguration.swift; sourceTree = "<group>"; };
		E92F5627639B12B5B6C3C3F4 /* SettingsView.swift */ = {isa = PBXFileReference; lastKnownFileType = sourcecode.swift; path = SettingsView.swift; sourceTree = "<group>"; };
		F67B3406EE30F61F204440DA /* PasteboardPrivacyFilterTests.swift */ = {isa = PBXFileReference; lastKnownFileType = sourcecode.swift; path = PasteboardPrivacyFilterTests.swift; sourceTree = "<group>"; };
		F88FC90FD89F362C539E6A85 /* StorageUsageService.swift */ = {isa = PBXFileReference; lastKnownFileType = sourcecode.swift; path = StorageUsageService.swift; sourceTree = "<group>"; };
		FBC1B19B4DA65BF7A9BE30D4 /* AutomaticPasteServiceTests.swift */ = {isa = PBXFileReference; lastKnownFileType = sourcecode.swift; path = AutomaticPasteServiceTests.swift; sourceTree = "<group>"; };
		FF6048054810C2C90498E6BF /* HistoryPanelPresentationTests.swift */ = {isa = PBXFileReference; lastKnownFileType = sourcecode.swift; path = HistoryPanelPresentationTests.swift; sourceTree = "<group>"; };
/* End PBXFileReference section */

/* Begin PBXGroup section */
		0359B25199947FE25A8ACF32 /* Pasteboard */ = {
			isa = PBXGroup;
			children = (
				ABCD2D09DB6D077572C07977 /* App */,
				85FC254212DED90F79EF68C1 /* Clipboard */,
				B5EEB7F05559492332720281 /* Hotkeys */,
				8F1D7DC6725DA9715FCDC5EF /* Models */,
				26DC29287618A769F480A4C3 /* Panel */,
				26F8BF16BFE40C43CCABE47B /* Paste */,
				641472DF8037B93A92039AAC /* Privacy */,
				5F824AE102A99D8BC9D7D72A /* Resources */,
				503833187E1D64313743ECDF /* Screenshot */,
				95212FAFF00A8F4C0EF2CF3E /* Settings */,
				CD828C81E9AF3DE229B44352 /* Storage */,
				D4D6C4A6943997EA702988B2 /* Utilities */,
			);
			path = Pasteboard;
			sourceTree = "<group>";
		};
		26DC29287618A769F480A4C3 /* Panel */ = {
			isa = PBXGroup;
			children = (
				B119A235E83A08295A914E65 /* HistoryPanelController.swift */,
				1CE34581E723859793B05FB1 /* HistoryPanelPresentation.swift */,
			);
			path = Panel;
			sourceTree = "<group>";
		};
		26F8BF16BFE40C43CCABE47B /* Paste */ = {
			isa = PBXGroup;
			children = (
				2042D486055F55D3DCF2A92E /* AutomaticPasteService.swift */,
			);
			path = Paste;
			sourceTree = "<group>";
		};
		503833187E1D64313743ECDF /* Screenshot */ = {
			isa = PBXGroup;
			children = (
				841CFEC7E746D8883B7BC5AA /* RegionScreenshotService.swift */,
				65FF748F8D3292DB58CF9BA4 /* ScreenshotFileLoader.swift */,
				944F621AA4760FF2F5D4AB8F /* ScreenshotFilenameGenerator.swift */,
			);
			path = Screenshot;
			sourceTree = "<group>";
		};
		5A2C6ACC54AA1005109D27AC /* PasteboardTests */ = {
			isa = PBXGroup;
			children = (
				E1362244C75E701E5C4B68F4 /* AppConfigurationTests.swift */,
				1B8E9DDA7331E610ACB9ECB0 /* AppSettingsTests.swift */,
				FBC1B19B4DA65BF7A9BE30D4 /* AutomaticPasteServiceTests.swift */,
				0DD96D89CA129346BC030F5E /* ClipboardHistoryPersistenceTests.swift */,
				9DCDBCD4F68E49A9C17E1DD7 /* ClipboardHistoryStoreTests.swift */,
				DADEF6C2E1E5D5FA53174BC2 /* GlobalHotKeyTests.swift */,
				FF6048054810C2C90498E6BF /* HistoryPanelPresentationTests.swift */,
				72F36DCC07C8791E8B4BC07B /* PasteboardImageWriterTests.swift */,
				F67B3406EE30F61F204440DA /* PasteboardPrivacyFilterTests.swift */,
				7860884AE26BBAF5C6F1D24E /* ScreenshotFileLoaderTests.swift */,
				DC08E896ED23531526487A75 /* ScreenshotFilenameGeneratorTests.swift */,
				5014B65D4062B572B733A3CC /* ShortcutCoordinatorTests.swift */,
				6C6C9F19037254CEAEDDB0E5 /* StorageUsageServiceTests.swift */,
				1C8D533A2D712AF47807DE56 /* ThumbnailServiceTests.swift */,
			);
			path = PasteboardTests;
			sourceTree = "<group>";
		};
		5F824AE102A99D8BC9D7D72A /* Resources */ = {
			isa = PBXGroup;
			children = (
				25B26D71EAC8E75A4F72C686 /* Assets.xcassets */,
			);
			path = Resources;
			sourceTree = "<group>";
		};
		641472DF8037B93A92039AAC /* Privacy */ = {
			isa = PBXGroup;
			children = (
				BC0D1886E81A748D3CBCD1D8 /* PasteboardPrivacyFilter.swift */,
			);
			path = Privacy;
			sourceTree = "<group>";
		};
		731E71E28264E424DC3B4632 = {
			isa = PBXGroup;
			children = (
				0359B25199947FE25A8ACF32 /* Pasteboard */,
				5A2C6ACC54AA1005109D27AC /* PasteboardTests */,
				D4A6BFA110C39C606F1EEF48 /* Products */,
			);
			sourceTree = "<group>";
		};
		85FC254212DED90F79EF68C1 /* Clipboard */ = {
			isa = PBXGroup;
			children = (
				23D57E547D16589D5149AED5 /* ClipboardHistoryStore.swift */,
				D47EB4C33C69B7CA3BFC54EE /* PasteboardImageWriter.swift */,
				24C8767E235CD24B14CE468F /* PasteboardMonitor.swift */,
			);
			path = Clipboard;
			sourceTree = "<group>";
		};
		8F1D7DC6725DA9715FCDC5EF /* Models */ = {
			isa = PBXGroup;
			children = (
				A9FA3486C42E4544F23679F6 /* ClipboardEntry.swift */,
			);
			path = Models;
			sourceTree = "<group>";
		};
		95212FAFF00A8F4C0EF2CF3E /* Settings */ = {
			isa = PBXGroup;
			children = (
				CF5077E78B6D10D172D4B9B8 /* AppSettings.swift */,
				E92F5627639B12B5B6C3C3F4 /* SettingsView.swift */,
				1D5DAFD4B48D9396FA79E070 /* ShortcutRecorder.swift */,
			);
			path = Settings;
			sourceTree = "<group>";
		};
		ABCD2D09DB6D077572C07977 /* App */ = {
			isa = PBXGroup;
			children = (
				E0ED3770E8A3C518FB116BF6 /* AppDelegate.swift */,
				319C06AA1818EAC09CE6E9F3 /* ContentView.swift */,
				A09747F649F378ED710DF8D8 /* PasteboardApp.swift */,
			);
			path = App;
			sourceTree = "<group>";
		};
		B5EEB7F05559492332720281 /* Hotkeys */ = {
			isa = PBXGroup;
			children = (
				075C91CA4BE9B8D5EA94E587 /* GlobalHotKey.swift */,
				457C8BE9C7FC9F19DE7CD36F /* ShortcutCoordinator.swift */,
			);
			path = Hotkeys;
			sourceTree = "<group>";
		};
		CD828C81E9AF3DE229B44352 /* Storage */ = {
			isa = PBXGroup;
			children = (
				B1B409D0D66CD22EC6F8AA26 /* ClipboardHistoryPersistence.swift */,
				4FD9CE724A8F3490051BA597 /* ImagePayloadStore.swift */,
				F88FC90FD89F362C539E6A85 /* StorageUsageService.swift */,
			);
			path = Storage;
			sourceTree = "<group>";
		};
		D4A6BFA110C39C606F1EEF48 /* Products */ = {
			isa = PBXGroup;
			children = (
				D96D350AE89623D58D14C000 /* Pasteboard.app */,
				D88661797C72D7E1F5ED2CF9 /* PasteboardTests.xctest */,
			);
			name = Products;
			sourceTree = "<group>";
		};
		D4D6C4A6943997EA702988B2 /* Utilities */ = {
			isa = PBXGroup;
			children = (
				CF0DFF09588FD1B246EF36A4 /* AppConfiguration.swift */,
				D86987668928EB041CA44007 /* ThumbnailService.swift */,
				E55648176C0F8D7DAE359CCA /* VisualConfiguration.swift */,
			);
			path = Utilities;
			sourceTree = "<group>";
		};
/* End PBXGroup section */

/* Begin PBXNativeTarget section */
		09A39F129C14A0271DE943A7 /* PasteboardTests */ = {
			isa = PBXNativeTarget;
			buildConfigurationList = 43D0AD01FE4ED73A68D6ADFA /* Build configuration list for PBXNativeTarget "PasteboardTests" */;
			buildPhases = (
				484CF3B2B1C91D47F7341689 /* Sources */,
			);
			buildRules = (
			);
			dependencies = (
				ED1B8A008EC2FF70C4DA1FB0 /* PBXTargetDependency */,
			);
			name = PasteboardTests;
			packageProductDependencies = (
			);
			productName = PasteboardTests;
			productReference = D88661797C72D7E1F5ED2CF9 /* PasteboardTests.xctest */;
			productType = "com.apple.product-type.bundle.unit-test";
		};
		D62D6AB1C2C0255F32C0D045 /* Pasteboard */ = {
			isa = PBXNativeTarget;
			buildConfigurationList = FEE2BDDA91B80088192A1635 /* Build configuration list for PBXNativeTarget "Pasteboard" */;
			buildPhases = (
				3591522AD0549454E2CC7B75 /* Sources */,
				B29A72AC9170768043044679 /* Resources */,
			);
			buildRules = (
			);
			dependencies = (
			);
			name = Pasteboard;
			packageProductDependencies = (
			);
			productName = Pasteboard;
			productReference = D96D350AE89623D58D14C000 /* Pasteboard.app */;
			productType = "com.apple.product-type.application";
		};
/* End PBXNativeTarget section */

/* Begin PBXProject section */
		701A10EA4124ABAED182C3AA /* Project object */ = {
			isa = PBXProject;
			attributes = {
				BuildIndependentTargetsInParallel = YES;
				LastUpgradeCheck = 1430;
				TargetAttributes = {
					09A39F129C14A0271DE943A7 = {
						ProvisioningStyle = Automatic;
					};
					D62D6AB1C2C0255F32C0D045 = {
						ProvisioningStyle = Automatic;
					};
				};
			};
			buildConfigurationList = 647D78A5376926D6DB2DCB18 /* Build configuration list for PBXProject "Pasteboard" */;
			developmentRegion = en;
			hasScannedForEncodings = 0;
			knownRegions = (
				Base,
				en,
			);
			mainGroup = 731E71E28264E424DC3B4632;
			minimizedProjectReferenceProxies = 1;
			preferredProjectObjectVersion = 77;
			productRefGroup = D4A6BFA110C39C606F1EEF48 /* Products */;
			projectDirPath = "";
			projectRoot = "";
			targets = (
				D62D6AB1C2C0255F32C0D045 /* Pasteboard */,
				09A39F129C14A0271DE943A7 /* PasteboardTests */,
			);
		};
/* End PBXProject section */

/* Begin PBXResourcesBuildPhase section */
		B29A72AC9170768043044679 /* Resources */ = {
			isa = PBXResourcesBuildPhase;
			buildActionMask = 2147483647;
			files = (
				CC66786344134CADD666A7F0 /* Assets.xcassets in Resources */,
			);
			runOnlyForDeploymentPostprocessing = 0;
		};
/* End PBXResourcesBuildPhase section */

/* Begin PBXSourcesBuildPhase section */
		3591522AD0549454E2CC7B75 /* Sources */ = {
			isa = PBXSourcesBuildPhase;
			buildActionMask = 2147483647;
			files = (
				AA2184D55EFCFB1BF219BE46 /* AppConfiguration.swift in Sources */,
				B05A44304505EAB699B8EDC1 /* AppDelegate.swift in Sources */,
				F72C49C28D5EB1F35C6B19EA /* AppSettings.swift in Sources */,
				C502243F947DC5DCB02E1F62 /* AutomaticPasteService.swift in Sources */,
				D4714C0E63E623AF31EF8D5E /* ClipboardEntry.swift in Sources */,
				C9DE7310A30F83AFCAACD25D /* ClipboardHistoryPersistence.swift in Sources */,
				E8D58CA584EE60F18015E8C6 /* ClipboardHistoryStore.swift in Sources */,
				8FF0E361C6EA5D4139BA42A9 /* ContentView.swift in Sources */,
				17949B5ED4DA2FC41791B57F /* GlobalHotKey.swift in Sources */,
				A1A7471958EFA759274A97D5 /* HistoryPanelController.swift in Sources */,
				D69A446FF85CF7EA4C1E9164 /* HistoryPanelPresentation.swift in Sources */,
				534846C3A023FF97C719CECB /* ImagePayloadStore.swift in Sources */,
				506ABEED26121E3A943C14C8 /* PasteboardApp.swift in Sources */,
				05AA1C35769EBA7555FB25F4 /* PasteboardImageWriter.swift in Sources */,
				525D6A0791A11EE26342FDC7 /* PasteboardMonitor.swift in Sources */,
				C3D5BF6592592497F440B268 /* PasteboardPrivacyFilter.swift in Sources */,
				8CA2A94D80B01B176C2E096B /* RegionScreenshotService.swift in Sources */,
				C8294AD017901C66FB55C5C0 /* ScreenshotFileLoader.swift in Sources */,
				261418B9CFBA2EB0197F623B /* ScreenshotFilenameGenerator.swift in Sources */,
				7C79677691C530A341F3B32A /* SettingsView.swift in Sources */,
				B8063B855C083B2D17D4E10E /* ShortcutCoordinator.swift in Sources */,
				9C911C79C2045D791D8E095A /* ShortcutRecorder.swift in Sources */,
				02D2107A5BF477E03FE16F12 /* StorageUsageService.swift in Sources */,
				2209B401C89558F2AB9C3ABF /* ThumbnailService.swift in Sources */,
				B4E93093E9C3ECAD55EC05BD /* VisualConfiguration.swift in Sources */,
			);
			runOnlyForDeploymentPostprocessing = 0;
		};
		484CF3B2B1C91D47F7341689 /* Sources */ = {
			isa = PBXSourcesBuildPhase;
			buildActionMask = 2147483647;
			files = (
				F8DF3DDB5B0A0933D8C2AD8E /* AppConfigurationTests.swift in Sources */,
				36B11A1D14B2215161CBFC7F /* AppSettingsTests.swift in Sources */,
				9695F3BD3EB0C1FC45A8D794 /* AutomaticPasteServiceTests.swift in Sources */,
				5FD3B5B03EAEFDAD44C79123 /* ClipboardHistoryPersistenceTests.swift in Sources */,
				E1438A03F8FA4FA2A0D0A3F3 /* ClipboardHistoryStoreTests.swift in Sources */,
				866DF739CCDBE94AD5885910 /* GlobalHotKeyTests.swift in Sources */,
				B7650CB9049E2BAFFFCEF8A5 /* HistoryPanelPresentationTests.swift in Sources */,
				9B1E21BB082E3578F62288F7 /* PasteboardImageWriterTests.swift in Sources */,
				B51072B30649D402F47B3040 /* PasteboardPrivacyFilterTests.swift in Sources */,
				9C65A8E5A805FC2AB9A3322C /* ScreenshotFileLoaderTests.swift in Sources */,
				AAB0B462574172BCF24778CD /* ScreenshotFilenameGeneratorTests.swift in Sources */,
				2CA7E92B1E8BEE6BB19AEEE1 /* ShortcutCoordinatorTests.swift in Sources */,
				C93EE3A5C08181EA5322DBA5 /* StorageUsageServiceTests.swift in Sources */,
				2282F025C5AA5F0F374030B9 /* ThumbnailServiceTests.swift in Sources */,
			);
			runOnlyForDeploymentPostprocessing = 0;
		};
/* End PBXSourcesBuildPhase section */

/* Begin PBXTargetDependency section */
		ED1B8A008EC2FF70C4DA1FB0 /* PBXTargetDependency */ = {
			isa = PBXTargetDependency;
			target = D62D6AB1C2C0255F32C0D045 /* Pasteboard */;
			targetProxy = 36EB843521DF754F59D8691D /* PBXContainerItemProxy */;
		};
/* End PBXTargetDependency section */

/* Begin XCBuildConfiguration section */
		0299E9D4EEA7AFC996035738 /* Release */ = {
			isa = XCBuildConfiguration;
			buildSettings = {
				ASSETCATALOG_COMPILER_APPICON_NAME = AppIcon;
				CODE_SIGNING_ALLOWED = NO;
				COMBINE_HIDPI_IMAGES = YES;
				CURRENT_PROJECT_VERSION = 5;
				GENERATE_INFOPLIST_FILE = YES;
				INFOPLIST_KEY_CFBundleShortVersionString = "$(MARKETING_VERSION)";
				INFOPLIST_KEY_CFBundleVersion = "$(CURRENT_PROJECT_VERSION)";
				INFOPLIST_KEY_LSApplicationCategoryType = "public.app-category.utilities";
				INFOPLIST_KEY_NSHumanReadableCopyright = "Copyright © 2026 Sina Nahd";
				LD_RUNPATH_SEARCH_PATHS = (
					"$(inherited)",
					"@executable_path/../Frameworks",
				);
				MARKETING_VERSION = 1.2.0;
				PRODUCT_BUNDLE_IDENTIFIER = com.sinaanahd.Pasteboard;
				PRODUCT_NAME = Pasteboard;
				SDKROOT = macosx;
			};
			name = Release;
		};
		059E02C530733EAA69CDC283 /* Debug */ = {
			isa = XCBuildConfiguration;
			buildSettings = {
				ASSETCATALOG_COMPILER_APPICON_NAME = AppIcon;
				CODE_SIGNING_ALLOWED = NO;
				COMBINE_HIDPI_IMAGES = YES;
				CURRENT_PROJECT_VERSION = 5;
				GENERATE_INFOPLIST_FILE = YES;
				INFOPLIST_KEY_CFBundleShortVersionString = "$(MARKETING_VERSION)";
				INFOPLIST_KEY_CFBundleVersion = "$(CURRENT_PROJECT_VERSION)";
				INFOPLIST_KEY_LSApplicationCategoryType = "public.app-category.utilities";
				INFOPLIST_KEY_NSHumanReadableCopyright = "Copyright © 2026 Sina Nahd";
				LD_RUNPATH_SEARCH_PATHS = (
					"$(inherited)",
					"@executable_path/../Frameworks",
				);
				MARKETING_VERSION = 1.2.0;
				PRODUCT_BUNDLE_IDENTIFIER = com.sinaanahd.Pasteboard;
				PRODUCT_NAME = Pasteboard;
				SDKROOT = macosx;
			};
			name = Debug;
		};
		0F07FF32024D367FAE6B1899 /* Release */ = {
			isa = XCBuildConfiguration;
			buildSettings = {
				BUNDLE_LOADER = "$(TEST_HOST)";
				CODE_SIGNING_ALLOWED = NO;
				COMBINE_HIDPI_IMAGES = YES;
				GENERATE_INFOPLIST_FILE = YES;
				LD_RUNPATH_SEARCH_PATHS = (
					"$(inherited)",
					"@executable_path/../Frameworks",
					"@loader_path/../Frameworks",
				);
				PRODUCT_BUNDLE_IDENTIFIER = com.sinaanahd.PasteboardTests;
				SDKROOT = macosx;
				TEST_HOST = "$(BUILT_PRODUCTS_DIR)/Pasteboard.app/Contents/MacOS/Pasteboard";
			};
			name = Release;
		};
		1E7EE5D7D17B69C54F723DC8 /* Debug */ = {
			isa = XCBuildConfiguration;
			buildSettings = {
				ALWAYS_SEARCH_USER_PATHS = NO;
				CLANG_ANALYZER_NONNULL = YES;
				CLANG_ANALYZER_NUMBER_OBJECT_CONVERSION = YES_AGGRESSIVE;
				CLANG_CXX_LANGUAGE_STANDARD = "gnu++14";
				CLANG_CXX_LIBRARY = "libc++";
				CLANG_ENABLE_MODULES = YES;
				CLANG_ENABLE_OBJC_ARC = YES;
				CLANG_ENABLE_OBJC_WEAK = YES;
				CLANG_WARN_BLOCK_CAPTURE_AUTORELEASING = YES;
				CLANG_WARN_BOOL_CONVERSION = YES;
				CLANG_WARN_COMMA = YES;
				CLANG_WARN_CONSTANT_CONVERSION = YES;
				CLANG_WARN_DEPRECATED_OBJC_IMPLEMENTATIONS = YES;
				CLANG_WARN_DIRECT_OBJC_ISA_USAGE = YES_ERROR;
				CLANG_WARN_DOCUMENTATION_COMMENTS = YES;
				CLANG_WARN_EMPTY_BODY = YES;
				CLANG_WARN_ENUM_CONVERSION = YES;
				CLANG_WARN_INFINITE_RECURSION = YES;
				CLANG_WARN_INT_CONVERSION = YES;
				CLANG_WARN_NON_LITERAL_NULL_CONVERSION = YES;
				CLANG_WARN_OBJC_IMPLICIT_RETAIN_SELF = YES;
				CLANG_WARN_OBJC_LITERAL_CONVERSION = YES;
				CLANG_WARN_OBJC_ROOT_CLASS = YES_ERROR;
				CLANG_WARN_QUOTED_INCLUDE_IN_FRAMEWORK_HEADER = YES;
				CLANG_WARN_RANGE_LOOP_ANALYSIS = YES;
				CLANG_WARN_STRICT_PROTOTYPES = YES;
				CLANG_WARN_SUSPICIOUS_MOVE = YES;
				CLANG_WARN_UNGUARDED_AVAILABILITY = YES_AGGRESSIVE;
				CLANG_WARN_UNREACHABLE_CODE = YES;
				CLANG_WARN__DUPLICATE_METHOD_MATCH = YES;
				CODE_SIGN_STYLE = Automatic;
				COPY_PHASE_STRIP = NO;
				DEBUG_INFORMATION_FORMAT = dwarf;
				ENABLE_STRICT_OBJC_MSGSEND = YES;
				ENABLE_TESTABILITY = YES;
				GCC_C_LANGUAGE_STANDARD = gnu11;
				GCC_DYNAMIC_NO_PIC = NO;
				GCC_NO_COMMON_BLOCKS = YES;
				GCC_OPTIMIZATION_LEVEL = 0;
				GCC_PREPROCESSOR_DEFINITIONS = (
					"$(inherited)",
					"DEBUG=1",
				);
				GCC_WARN_64_TO_32_BIT_CONVERSION = YES;
				GCC_WARN_ABOUT_RETURN_TYPE = YES_ERROR;
				GCC_WARN_UNDECLARED_SELECTOR = YES;
				GCC_WARN_UNINITIALIZED_AUTOS = YES_AGGRESSIVE;
				GCC_WARN_UNUSED_FUNCTION = YES;
				GCC_WARN_UNUSED_VARIABLE = YES;
				MACOSX_DEPLOYMENT_TARGET = 14.0;
				MTL_ENABLE_DEBUG_INFO = INCLUDE_SOURCE;
				MTL_FAST_MATH = YES;
				ONLY_ACTIVE_ARCH = YES;
				PRODUCT_NAME = "$(TARGET_NAME)";
				SDKROOT = macosx;
				SWIFT_ACTIVE_COMPILATION_CONDITIONS = DEBUG;
				SWIFT_OPTIMIZATION_LEVEL = "-Onone";
				SWIFT_VERSION = 6.0;
			};
			name = Debug;
		};
		60F6621E39CBC5723BB91DCC /* Release */ = {
			isa = XCBuildConfiguration;
			buildSettings = {
				ALWAYS_SEARCH_USER_PATHS = NO;
				CLANG_ANALYZER_NONNULL = YES;
				CLANG_ANALYZER_NUMBER_OBJECT_CONVERSION = YES_AGGRESSIVE;
				CLANG_CXX_LANGUAGE_STANDARD = "gnu++14";
				CLANG_CXX_LIBRARY = "libc++";
				CLANG_ENABLE_MODULES = YES;
				CLANG_ENABLE_OBJC_ARC = YES;
				CLANG_ENABLE_OBJC_WEAK = YES;
				CLANG_WARN_BLOCK_CAPTURE_AUTORELEASING = YES;
				CLANG_WARN_BOOL_CONVERSION = YES;
				CLANG_WARN_COMMA = YES;
				CLANG_WARN_CONSTANT_CONVERSION = YES;
				CLANG_WARN_DEPRECATED_OBJC_IMPLEMENTATIONS = YES;
				CLANG_WARN_DIRECT_OBJC_ISA_USAGE = YES_ERROR;
				CLANG_WARN_DOCUMENTATION_COMMENTS = YES;
				CLANG_WARN_EMPTY_BODY = YES;
				CLANG_WARN_ENUM_CONVERSION = YES;
				CLANG_WARN_INFINITE_RECURSION = YES;
				CLANG_WARN_INT_CONVERSION = YES;
				CLANG_WARN_NON_LITERAL_NULL_CONVERSION = YES;
				CLANG_WARN_OBJC_IMPLICIT_RETAIN_SELF = YES;
				CLANG_WARN_OBJC_LITERAL_CONVERSION = YES;
				CLANG_WARN_OBJC_ROOT_CLASS = YES_ERROR;
				CLANG_WARN_QUOTED_INCLUDE_IN_FRAMEWORK_HEADER = YES;
				CLANG_WARN_RANGE_LOOP_ANALYSIS = YES;
				CLANG_WARN_STRICT_PROTOTYPES = YES;
				CLANG_WARN_SUSPICIOUS_MOVE = YES;
				CLANG_WARN_UNGUARDED_AVAILABILITY = YES_AGGRESSIVE;
				CLANG_WARN_UNREACHABLE_CODE = YES;
				CLANG_WARN__DUPLICATE_METHOD_MATCH = YES;
				CODE_SIGN_STYLE = Automatic;
				COPY_PHASE_STRIP = NO;
				DEBUG_INFORMATION_FORMAT = "dwarf-with-dsym";
				ENABLE_NS_ASSERTIONS = NO;
				ENABLE_STRICT_OBJC_MSGSEND = YES;
				GCC_C_LANGUAGE_STANDARD = gnu11;
				GCC_NO_COMMON_BLOCKS = YES;
				GCC_WARN_64_TO_32_BIT_CONVERSION = YES;
				GCC_WARN_ABOUT_RETURN_TYPE = YES_ERROR;
				GCC_WARN_UNDECLARED_SELECTOR = YES;
				GCC_WARN_UNINITIALIZED_AUTOS = YES_AGGRESSIVE;
				GCC_WARN_UNUSED_FUNCTION = YES;
				GCC_WARN_UNUSED_VARIABLE = YES;
				MACOSX_DEPLOYMENT_TARGET = 14.0;
				MTL_ENABLE_DEBUG_INFO = NO;
				MTL_FAST_MATH = YES;
				PRODUCT_NAME = "$(TARGET_NAME)";
				SDKROOT = macosx;
				SWIFT_COMPILATION_MODE = wholemodule;
				SWIFT_OPTIMIZATION_LEVEL = "-O";
				SWIFT_VERSION = 6.0;
			};
			name = Release;
		};
		815E86DBB4613EC9C7B971B4 /* Debug */ = {
			isa = XCBuildConfiguration;
			buildSettings = {
				BUNDLE_LOADER = "$(TEST_HOST)";
				CODE_SIGNING_ALLOWED = NO;
				COMBINE_HIDPI_IMAGES = YES;
				GENERATE_INFOPLIST_FILE = YES;
				LD_RUNPATH_SEARCH_PATHS = (
					"$(inherited)",
					"@executable_path/../Frameworks",
					"@loader_path/../Frameworks",
				);
				PRODUCT_BUNDLE_IDENTIFIER = com.sinaanahd.PasteboardTests;
				SDKROOT = macosx;
				TEST_HOST = "$(BUILT_PRODUCTS_DIR)/Pasteboard.app/Contents/MacOS/Pasteboard";
			};
			name = Debug;
		};
/* End XCBuildConfiguration section */

/* Begin XCConfigurationList section */
		43D0AD01FE4ED73A68D6ADFA /* Build configuration list for PBXNativeTarget "PasteboardTests" */ = {
			isa = XCConfigurationList;
			buildConfigurations = (
				815E86DBB4613EC9C7B971B4 /* Debug */,
				0F07FF32024D367FAE6B1899 /* Release */,
			);
			defaultConfigurationIsVisible = 0;
			defaultConfigurationName = Debug;
		};
		647D78A5376926D6DB2DCB18 /* Build configuration list for PBXProject "Pasteboard" */ = {
			isa = XCConfigurationList;
			buildConfigurations = (
				1E7EE5D7D17B69C54F723DC8 /* Debug */,
				60F6621E39CBC5723BB91DCC /* Release */,
			);
			defaultConfigurationIsVisible = 0;
			defaultConfigurationName = Debug;
		};
		FEE2BDDA91B80088192A1635 /* Build configuration list for PBXNativeTarget "Pasteboard" */ = {
			isa = XCConfigurationList;
			buildConfigurations = (
				059E02C530733EAA69CDC283 /* Debug */,
				0299E9D4EEA7AFC996035738 /* Release */,
			);
			defaultConfigurationIsVisible = 0;
			defaultConfigurationName = Debug;
		};
/* End XCConfigurationList section */
	};
	rootObject = 701A10EA4124ABAED182C3AA /* Project object */;
}
